{
  "requires": true,
  "lockfileVersion": 1,
  "dependencies": {
    "jquery": {
      "version": "3.3.1",
      "resolved": "https://registry.npmjs.org/jquery/-/jquery-3.3.1.tgz",
      "integrity": "sha512-Ubldcmxp5np52/ENotGxlLe6aGMvmF4R8S6tZjsP6Knsaxd/xp3Zrh50cG93lR6nPXyUFwzN3ZSOQI0wRJNdGg=="
    },
    "jquery-slugify": {
      "version": "1.2.5",
      "resolved": "https://registry.npmjs.org/jquery-slugify/-/jquery-slugify-1.2.5.tgz",
      "integrity": "sha512-udpSEkkqd81ZnFb6m077XmKvpGil00LkQjx0BAbz4yVlx0HxZh5HD3HhXyuNB8XdZz0Qt8tHZL53Ckzq3I5F8Q==",
      "requires": {
        "speakingurl": "~9.0.0"
      }
    },
    "speakingurl": {
      "version": "9.0.0",
      "resolved": "https://registry.npmjs.org/speakingurl/-/speakingurl-9.0.0.tgz",
      "integrity": "sha1-qZSUBBYn8x1tFMOLVx/6Oi7JW9o="
    }
  }
}
